
Microsoft Visual Studio Solution File, Format Version 12.00
# Visual Studio Version 17
VisualStudioVersion = 17.8.34205.153
MinimumVisualStudioVersion = 10.0.40219.1
Project("{9A19103F-16F7-4668-BE54-9A1E7A4F7556}") = "TelegramAIBot", "TelegramAIBot.csproj", "{5CEAB7A2-E300-4ECE-8DD7-DADBD6680CD9}"
EndProject
Global
	GlobalSection(SolutionConfigurationPlatforms) = preSolution
		Debug|Any CPU = Debug|Any CPU
		Docker|Any CPU = Docker|Any CPU
		Release|Any CPU = Release|Any CPU
	EndGlobalSection
	GlobalSection(ProjectConfigurationPlatforms) = postSolution
		{5CEAB7A2-E300-4ECE-8DD7-DADBD6680CD9}.Debug|Any CPU.ActiveCfg = Debug|Any CPU
		{5CEAB7A2-E300-4ECE-8DD7-DADBD6680CD9}.Debug|Any CPU.Build.0 = Debug|Any CPU
		{5CEAB7A2-E300-4ECE-8DD7-DADBD6680CD9}.Docker|Any CPU.ActiveCfg = Docker|Any CPU
		{5CEAB7A2-E300-4ECE-8DD7-DADBD6680CD9}.Docker|Any CPU.Build.0 = Docker|Any CPU
		{5CEAB7A2-E300-4ECE-8DD7-DADBD6680CD9}.Release|Any CPU.ActiveCfg = Release|Any CPU
		{5CEAB7A2-E300-4ECE-8DD7-DADBD6680CD9}.Release|Any CPU.Build.0 = Release|Any CPU
	EndGlobalSection
	GlobalSection(SolutionProperties) = preSolution
		HideSolutionNode = FALSE
	EndGlobalSection
	GlobalSection(ExtensibilityGlobals) = postSolution
		SolutionGuid = {9BDD7F11-DD7C-469C-88A5-ACF8BBB20254}
	EndGlobalSection
EndGlobal
